{
  "name": "litm",
  "version": "1.0.0",
  "lockfileVersion": 3,
  "requires": true,
  "packages": {
    "": {
      "name": "litm",
      "version": "1.0.0",
      "license": "ISC",
      "devDependencies": {
        "@typescript/native-preview": "^7.0.0-dev.20260221.1",
        "typescript": "^5.9.3"
      }
    },
    "node_modules/@typescript/native-preview": {
      "version": "7.0.0-dev.20260221.1",
      "resolved": "https://registry.npmjs.org/@typescript/native-preview/-/native-preview-7.0.0-dev.20260221.1.tgz",
      "integrity": "sha512-tEUzcnj6pD+z1vANchRzhpPl+3RMD+xQRvIN//0+qjtP5zyYB5T+MIaAWycpKDwlHP9C13JnQgcgYnC+LlNkrg==",
      "dev": true,
      "license": "Apache-2.0",
      "bin": {
        "tsgo": "bin/tsgo.js"
      },
      "optionalDependencies": {
        "@typescript/native-preview-darwin-arm64": "7.0.0-dev.20260221.1",
        "@typescript/native-preview-darwin-x64": "7.0.0-dev.20260221.1",
        "@typescript/native-preview-linux-arm": "7.0.0-dev.20260221.1",
        "@typescript/native-preview-linux-arm64": "7.0.0-dev.20260221.1",
        "@typescript/native-preview-linux-x64": "7.0.0-dev.20260221.1",
        "@typescript/native-preview-win32-arm64": "7.0.0-dev.20260221.1",
        "@typescript/native-preview-win32-x64": "7.0.0-dev.20260221.1"
      }
    },
    "node_modules/@typescript/native-preview-darwin-arm64": {
      "version": "7.0.0-dev.20260221.1",
      "resolved": "https://registry.npmjs.org/@typescript/native-preview-darwin-arm64/-/native-preview-darwin-arm64-7.0.0-dev.20260221.1.tgz",
      "integrity": "sha512-m3ttEpK+eXV7P06RVZZuSuUvNDj8psXODrMJRRQWpTNsk3qITbIdBSgOx2Q/M3tbQ9Mo2IBHt6jUjqOdRW9oZQ==",
      "cpu": [
        "arm64"
      ],
      "dev": true,
      "license": "Apache-2.0",
      "optional": true,
      "os": [
        "darwin"
      ]
    },
    "node_modules/@typescript/native-preview-darwin-x64": {
      "version": "7.0.0-dev.20260221.1",
      "resolved": "https://registry.npmjs.org/@typescript/native-preview-darwin-x64/-/native-preview-darwin-x64-7.0.0-dev.20260221.1.tgz",
      "integrity": "sha512-BNaNe3rox2rpkh5sWcnZZob6sDA/at9KK55/WSRAH4W+9dFReOLFAR9YXhKxrLGZ1QpleuIBahKbV8o037S+pA==",
      "cpu": [
        "x64"
      ],
      "dev": true,
      "license": "Apache-2.0",
      "optional": true,
      "os": [
        "darwin"
      ]
    },
    "node_modules/@typescript/native-preview-linux-arm": {
      "version": "7.0.0-dev.20260221.1",
      "resolved": "https://registry.npmjs.org/@typescript/native-preview-linux-arm/-/native-preview-linux-arm-7.0.0-dev.20260221.1.tgz",
      "integrity": "sha512-+/uyIw7vg4FyAnNpsCJHmSOhMiR2m56lqaEo1J5pMAstJmfLTTKQdJ1muIWCDCqc24k2U30IStHOaCqUerp/nQ==",
      "cpu": [
        "arm"
      ],
      "dev": true,
      "license": "Apache-2.0",
      "optional": true,
      "os": [
        "linux"
      ]
    },
    "node_modules/@typescript/native-preview-linux-arm64": {
      "version": "7.0.0-dev.20260221.1",
      "resolved": "https://registry.npmjs.org/@typescript/native-preview-linux-arm64/-/native-preview-linux-arm64-7.0.0-dev.20260221.1.tgz",
      "integrity": "sha512-Y4jsvwDq86LXq63UYRLqCAd+nD1r6C2NVaGNR39H+c6D8SgOBkPLJa8quTH0Ir8E5bsR8vTN4E6xHY9jD4J2PA==",
      "cpu": [
        "arm64"
      ],
      "dev": true,
      "license": "Apache-2.0",
      "optional": true,
      "os": [
        "linux"
      ]
    },
    "node_modules/@typescript/native-preview-linux-x64": {
      "version": "7.0.0-dev.20260221.1",
      "resolved": "https://registry.npmjs.org/@typescript/native-preview-linux-x64/-/native-preview-linux-x64-7.0.0-dev.20260221.1.tgz",
      "integrity": "sha512-7agd5FtVLPp+gRMvsecSDmdQ/XM80q/uaQ6+Kahan9uNrCuPJIyMiAtJvCoYYgT1nXX2AjwZk39DH63fRaw/Mg==",
      "cpu": [
        "x64"
      ],
      "dev": true,
      "license": "Apache-2.0",
      "optional": true,
      "os": [
        "linux"
      ]
    },
    "node_modules/@typescript/native-preview-win32-arm64": {
      "version": "7.0.0-dev.20260221.1",
      "resolved": "https://registry.npmjs.org/@typescript/native-preview-win32-arm64/-/native-preview-win32-arm64-7.0.0-dev.20260221.1.tgz",
      "integrity": "sha512-lXbsy5vDzS//oE0evX+QwZBwpKselXTd8H18lT42CBQo2hL2r0+w9YBguaYXrnGkAoHjDXEfKA2xii8yVZKVUg==",
      "cpu": [
        "arm64"
      ],
      "dev": true,
      "license": "Apache-2.0",
      "optional": true,
      "os": [
        "win32"
      ]
    },
    "node_modules/@typescript/native-preview-win32-x64": {
      "version": "7.0.0-dev.20260221.1",
      "resolved": "https://registry.npmjs.org/@typescript/native-preview-win32-x64/-/native-preview-win32-x64-7.0.0-dev.20260221.1.tgz",
      "integrity": "sha512-O02pfQlVlRTsBmp0hODs/bOHm2ic2kXZpIchBP5Qm0wKCp1Ytz/7i3SNT1gN47I+KC4axn/AHhFmkWQyIu9kRQ==",
      "cpu": [
        "x64"
      ],
      "dev": true,
      "license": "Apache-2.0",
      "optional": true,
      "os": [
        "win32"
      ]
    },
    "node_modules/typescript": {
      "version": "5.9.3",
      "resolved": "https://registry.npmjs.org/typescript/-/typescript-5.9.3.tgz",
      "integrity": "sha512-jl1vZzPDinLr9eUt3J/t7V6FgNEw9QjvBPdysz9KfQDD41fQrC2Y4vKQdiaUpFT4bXlb1RHhLpp8wtm6M5TgSw==",
      "dev": true,
      "license": "Apache-2.0",
      "bin": {
        "tsc": "bin/tsc",
        "tsserver": "bin/tsserver"
      },
      "engines": {
        "node": ">=14.17"
      }
    }
  }
}
